dependencies:
- name: postgresql
  repository: oci://registry-1.docker.io/bitnamicharts
  version: 16.4.9
- name: mongodb
  repository: oci://registry-1.docker.io/bitnamicharts
  version: 16.4.0
- name: redis
  repository: oci://registry-1.docker.io/bitnamicharts
  version: 20.7.0
- name: traefik
  repository: https://traefik.github.io/charts
  version: 33.2.1
- name: grafana
  repository: https://grafana.github.io/helm-charts
  version: 8.4.2
- name: loki
  repository: https://grafana.github.io/helm-charts
  version: 6.7.4
- name: promtail
  repository: https://grafana.github.io/helm-charts
  version: 6.16.4
digest: sha256:53099b313fed1908731efc78c4aa2ec330797f57ccf7bcebedbda730415e747b
generated: "2026-06-21T00:07:02.9702602+07:00"
