dependencies:
- name: postgresql
  repository: oci://registry-1.docker.io/bitnamicharts
  version: 16.4.9
- name: mongodb
  repository: oci://registry-1.docker.io/bitnamicharts
  version: 16.4.0
- name: redis
  repository: oci://registry-1.docker.io/bitnamicharts
  version: 20.7.0
- name: traefik
  repository: https://traefik.github.io/charts
  version: 33.2.1
- name: grafana
  repository: https://grafana.github.io/helm-charts
  version: 8.4.2
- name: loki
  repository: https://grafana.github.io/helm-charts
  version: 6.7.4
- name: promtail
  repository: https://grafana.github.io/helm-charts
  version: 6.16.4
- name: kube-state-metrics
  repository: https://prometheus-community.github.io/helm-charts
  version: 5.27.0
digest: sha256:88f2164617fccfe97c552602548a39450ffa9c09fcfaff6456f7e87eaaed700e
generated: "2026-06-26T23:04:25.1547593+07:00"
